
Microsoft Visual Studio Solution File, Format Version 12.00
# Visual Studio Version 17
VisualStudioVersion = 17.11.35327.3
MinimumVisualStudioVersion = 10.0.40219.1
Project("{FAE04EC0-301F-11D3-BF4B-00C04F79EFBC}") = "MultiBTConnection", "MultiBTConnection\MultiBTConnection.csproj", "{CEF9E014-1DE2-46CE-A37F-7183C1B7DCAC}"
EndProject
Global
	GlobalSection(SolutionConfigurationPlatforms) = preSolution
		Debug|Any CPU = Debug|Any CPU
		Release|Any CPU = Release|Any CPU
	EndGlobalSection
	GlobalSection(ProjectConfigurationPlatforms) = postSolution
		{CEF9E014-1DE2-46CE-A37F-7183C1B7DCAC}.Debug|Any CPU.ActiveCfg = Debug|Any CPU
		{CEF9E014-1DE2-46CE-A37F-7183C1B7DCAC}.Debug|Any CPU.Build.0 = Debug|Any CPU
		{CEF9E014-1DE2-46CE-A37F-7183C1B7DCAC}.Debug|Any CPU.Deploy.0 = Debug|Any CPU
		{CEF9E014-1DE2-46CE-A37F-7183C1B7DCAC}.Release|Any CPU.ActiveCfg = Release|Any CPU
		{CEF9E014-1DE2-46CE-A37F-7183C1B7DCAC}.Release|Any CPU.Build.0 = Release|Any CPU
		{CEF9E014-1DE2-46CE-A37F-7183C1B7DCAC}.Release|Any CPU.Deploy.0 = Release|Any CPU
	EndGlobalSection
	GlobalSection(SolutionProperties) = preSolution
		HideSolutionNode = FALSE
	EndGlobalSection
	GlobalSection(ExtensibilityGlobals) = postSolution
		SolutionGuid = {135446F0-1814-4AD8-B8B8-4D1F73C5E6D4}
	EndGlobalSection
EndGlobal
